
Microsoft Visual Studio Solution File, Format Version 12.00
# Visual Studio 15
VisualStudioVersion = 15.0.28010.2050
MinimumVisualStudioVersion = 10.0.40219.1
Project("{FAE04EC0-301F-11D3-BF4B-00C04F79EFBC}") = "PictureEditor", "PictureEditor\PictureEditor.csproj", "{AC457FDF-6D02-47E0-9069-27FB010C8A7F}"
EndProject
Global
	GlobalSection(SolutionConfigurationPlatforms) = preSolution
		Debug|Any CPU = Debug|Any CPU
		Release|Any CPU = Release|Any CPU
	EndGlobalSection
	GlobalSection(ProjectConfigurationPlatforms) = postSolution
		{AC457FDF-6D02-47E0-9069-27FB010C8A7F}.Debug|Any CPU.ActiveCfg = Debug|Any CPU
		{AC457FDF-6D02-47E0-9069-27FB010C8A7F}.Debug|Any CPU.Build.0 = Debug|Any CPU
		{AC457FDF-6D02-47E0-9069-27FB010C8A7F}.Release|Any CPU.ActiveCfg = Release|Any CPU
		{AC457FDF-6D02-47E0-9069-27FB010C8A7F}.Release|Any CPU.Build.0 = Release|Any CPU
	EndGlobalSection
	GlobalSection(SolutionProperties) = preSolution
		HideSolutionNode = FALSE
	EndGlobalSection
	GlobalSection(ExtensibilityGlobals) = postSolution
		SolutionGuid = {8553011C-5A61-4BFB-9F26-F7324F77E964}
	EndGlobalSection
EndGlobal
